
Microsoft Visual Studio Solution File, Format Version 12.00
# Visual Studio Version 17
VisualStudioVersion = 17.1.32228.430
MinimumVisualStudioVersion = 10.0.40219.1
Project("{FAE04EC0-301F-11D3-BF4B-00C04F79EFBC}") = "app1", "app1\app1.csproj", "{98A76256-0D6E-4A6A-8099-B713AEA4644C}"
EndProject
Global
	GlobalSection(SolutionConfigurationPlatforms) = preSolution
		Debug|Any CPU = Debug|Any CPU
		Release|Any CPU = Release|Any CPU
	EndGlobalSection
	GlobalSection(ProjectConfigurationPlatforms) = postSolution
		{98A76256-0D6E-4A6A-8099-B713AEA4644C}.Debug|Any CPU.ActiveCfg = Debug|Any CPU
		{98A76256-0D6E-4A6A-8099-B713AEA4644C}.Debug|Any CPU.Build.0 = Debug|Any CPU
		{98A76256-0D6E-4A6A-8099-B713AEA4644C}.Release|Any CPU.ActiveCfg = Release|Any CPU
		{98A76256-0D6E-4A6A-8099-B713AEA4644C}.Release|Any CPU.Build.0 = Release|Any CPU
	EndGlobalSection
	GlobalSection(SolutionProperties) = preSolution
		HideSolutionNode = FALSE
	EndGlobalSection
	GlobalSection(ExtensibilityGlobals) = postSolution
		SolutionGuid = {CCE8D181-22AB-45EE-BE36-CABCC20D3D1B}
	EndGlobalSection
EndGlobal
